
Microsoft Visual Studio Solution File, Format Version 12.00
# Visual Studio Version 17
VisualStudioVersion = 17.13.35825.156
MinimumVisualStudioVersion = 10.0.40219.1
Project("{FAE04EC0-301F-11D3-BF4B-00C04F79EFBC}") = "WebUi", "PracticeMvc\WebUi.csproj", "{510F1850-158C-4967-A959-5CDFD55AE30E}"
EndProject
Project("{FAE04EC0-301F-11D3-BF4B-00C04F79EFBC}") = "Dal_Layer", "Dal_Layer\Dal_Layer.csproj", "{F05BE358-D525-4F2B-9B74-7AFA8897D426}"
EndProject
Project("{FAE04EC0-301F-11D3-BF4B-00C04F79EFBC}") = "Repo_Layer", "Repo_Layer\Repo_Layer.csproj", "{DD93DCBF-90CF-426C-938E-2CD5DD4CCB25}"
EndProject
Project("{FAE04EC0-301F-11D3-BF4B-00C04F79EFBC}") = "Service_layer", "Service_layer\Service_layer.csproj", "{CCCA9A0F-A628-4AE8-BE0D-1B84B70F5621}"
EndProject
Project("{FAE04EC0-301F-11D3-BF4B-00C04F79EFBC}") = "ViewModel", "ViewModel\ViewModel.csproj", "{487A9A71-22DA-4D6A-AB4F-4CEF5C9D3AAA}"
EndProject
Global
	GlobalSection(SolutionConfigurationPlatforms) = preSolution
		Debug|Any CPU = Debug|Any CPU
		Release|Any CPU = Release|Any CPU
	EndGlobalSection
	GlobalSection(ProjectConfigurationPlatforms) = postSolution
		{510F1850-158C-4967-A959-5CDFD55AE30E}.Debug|Any CPU.ActiveCfg = Debug|Any CPU
		{510F1850-158C-4967-A959-5CDFD55AE30E}.Debug|Any CPU.Build.0 = Debug|Any CPU
		{510F1850-158C-4967-A959-5CDFD55AE30E}.Release|Any CPU.ActiveCfg = Release|Any CPU
		{510F1850-158C-4967-A959-5CDFD55AE30E}.Release|Any CPU.Build.0 = Release|Any CPU
		{F05BE358-D525-4F2B-9B74-7AFA8897D426}.Debug|Any CPU.ActiveCfg = Debug|Any CPU
		{F05BE358-D525-4F2B-9B74-7AFA8897D426}.Debug|Any CPU.Build.0 = Debug|Any CPU
		{F05BE358-D525-4F2B-9B74-7AFA8897D426}.Release|Any CPU.ActiveCfg = Release|Any CPU
		{F05BE358-D525-4F2B-9B74-7AFA8897D426}.Release|Any CPU.Build.0 = Release|Any CPU
		{DD93DCBF-90CF-426C-938E-2CD5DD4CCB25}.Debug|Any CPU.ActiveCfg = Debug|Any CPU
		{DD93DCBF-90CF-426C-938E-2CD5DD4CCB25}.Debug|Any CPU.Build.0 = Debug|Any CPU
		{DD93DCBF-90CF-426C-938E-2CD5DD4CCB25}.Release|Any CPU.ActiveCfg = Release|Any CPU
		{DD93DCBF-90CF-426C-938E-2CD5DD4CCB25}.Release|Any CPU.Build.0 = Release|Any CPU
		{CCCA9A0F-A628-4AE8-BE0D-1B84B70F5621}.Debug|Any CPU.ActiveCfg = Debug|Any CPU
		{CCCA9A0F-A628-4AE8-BE0D-1B84B70F5621}.Debug|Any CPU.Build.0 = Debug|Any CPU
		{CCCA9A0F-A628-4AE8-BE0D-1B84B70F5621}.Release|Any CPU.ActiveCfg = Release|Any CPU
		{CCCA9A0F-A628-4AE8-BE0D-1B84B70F5621}.Release|Any CPU.Build.0 = Release|Any CPU
		{487A9A71-22DA-4D6A-AB4F-4CEF5C9D3AAA}.Debug|Any CPU.ActiveCfg = Debug|Any CPU
		{487A9A71-22DA-4D6A-AB4F-4CEF5C9D3AAA}.Debug|Any CPU.Build.0 = Debug|Any CPU
		{487A9A71-22DA-4D6A-AB4F-4CEF5C9D3AAA}.Release|Any CPU.ActiveCfg = Release|Any CPU
		{487A9A71-22DA-4D6A-AB4F-4CEF5C9D3AAA}.Release|Any CPU.Build.0 = Release|Any CPU
	EndGlobalSection
	GlobalSection(SolutionProperties) = preSolution
		HideSolutionNode = FALSE
	EndGlobalSection
	GlobalSection(ExtensibilityGlobals) = postSolution
		SolutionGuid = {C01F1324-639D-4939-A403-248EF85BE34F}
	EndGlobalSection
EndGlobal
